
Microsoft Visual Studio Solution File, Format Version 12.00
# Visual Studio Version 17
VisualStudioVersion = 17.1.32228.430
MinimumVisualStudioVersion = 10.0.40219.1
Project("{FAE04EC0-301F-11D3-BF4B-00C04F79EFBC}") = "HW7Project", "HW7Project\HW7Project.csproj", "{649C4C68-677E-4818-9A95-7F66A2EE6B21}"
EndProject
Global
	GlobalSection(SolutionConfigurationPlatforms) = preSolution
		Debug|Any CPU = Debug|Any CPU
		Release|Any CPU = Release|Any CPU
	EndGlobalSection
	GlobalSection(ProjectConfigurationPlatforms) = postSolution
		{649C4C68-677E-4818-9A95-7F66A2EE6B21}.Debug|Any CPU.ActiveCfg = Debug|Any CPU
		{649C4C68-677E-4818-9A95-7F66A2EE6B21}.Debug|Any CPU.Build.0 = Debug|Any CPU
		{649C4C68-677E-4818-9A95-7F66A2EE6B21}.Release|Any CPU.ActiveCfg = Release|Any CPU
		{649C4C68-677E-4818-9A95-7F66A2EE6B21}.Release|Any CPU.Build.0 = Release|Any CPU
	EndGlobalSection
	GlobalSection(SolutionProperties) = preSolution
		HideSolutionNode = FALSE
	EndGlobalSection
	GlobalSection(ExtensibilityGlobals) = postSolution
		SolutionGuid = {9C89A778-28E2-4B9B-86B5-8F5CF5F43461}
	EndGlobalSection
EndGlobal
